
Microsoft Visual Studio Solution File, Format Version 12.00
# Visual Studio Version 17
VisualStudioVersion = 17.0.31903.59
MinimumVisualStudioVersion = 10.0.40219.1
Project("{2150E333-8FDC-42A3-9474-1A3956D46DE8}") = "tests", "tests", "{2F3EE71A-B5A6-4E56-8442-8AA547E8A466}"
EndProject
Project("{FAE04EC0-301F-11D3-BF4B-00C04F79EFBC}") = "ECommerce.ArchitectureTests", "tests\ECommerce.ArchitectureTests\ECommerce.ArchitectureTests.csproj", "{400C63C8-B35E-4B40-AC75-E3267D8F836D}"
EndProject
Project("{FAE04EC0-301F-11D3-BF4B-00C04F79EFBC}") = "ECommerce.Catalog.ResilienceTests", "tests\ECommerce.Catalog.ResilienceTests\ECommerce.Catalog.ResilienceTests.csproj", "{F9F35037-E4E8-4255-86F0-79B7268B5B08}"
EndProject
Project("{2150E333-8FDC-42A3-9474-1A3956D46DE8}") = "src", "src", "{7767634A-DF7E-4163-AC5C-57CBFFA90ECA}"
EndProject
Project("{2150E333-8FDC-42A3-9474-1A3956D46DE8}") = "Host", "Host", "{9F9F0938-6D25-4416-B2E5-8B7D5084C1AC}"
EndProject
Project("{FAE04EC0-301F-11D3-BF4B-00C04F79EFBC}") = "ECommerce.Host", "src\Host\ECommerce.Host\ECommerce.Host.csproj", "{7AEAF0D1-3FC4-46C2-9C84-633DC0DC62D5}"
EndProject
Project("{2150E333-8FDC-42A3-9474-1A3956D46DE8}") = "Shared", "Shared", "{5FD29AFC-9666-4332-97D4-73F5153615D7}"
EndProject
Project("{FAE04EC0-301F-11D3-BF4B-00C04F79EFBC}") = "ECommerce.Shared.Messaging", "src\Shared\ECommerce.Shared.Messaging\ECommerce.Shared.Messaging.csproj", "{B228E5C3-1C2D-4DF9-8CA7-099BF2CA434B}"
EndProject
Project("{FAE04EC0-301F-11D3-BF4B-00C04F79EFBC}") = "ECommerce.Shared.Kernel", "src\Shared\ECommerce.Shared.Kernel\ECommerce.Shared.Kernel.csproj", "{6323028D-A711-4317-A28B-6DD9925679A8}"
EndProject
Project("{2150E333-8FDC-42A3-9474-1A3956D46DE8}") = "Catalog", "Catalog", "{08747C2D-03EC-4FE0-93D8-BF6BF1C13E87}"
EndProject
Project("{FAE04EC0-301F-11D3-BF4B-00C04F79EFBC}") = "ECommerce.Catalog.ContractTests", "tests\Catalog\ECommerce.Catalog.ContractTests\ECommerce.Catalog.ContractTests.csproj", "{1EB4F923-CC06-49DC-A33A-98D18CFD84A3}"
EndProject
Project("{FAE04EC0-301F-11D3-BF4B-00C04F79EFBC}") = "ECommerce.Catalog.UnitTests", "tests\Catalog\ECommerce.Catalog.UnitTests\ECommerce.Catalog.UnitTests.csproj", "{76218E21-6865-4382-904D-82E76D2801EA}"
EndProject
Project("{FAE04EC0-301F-11D3-BF4B-00C04F79EFBC}") = "ECommerce.Catalog.IntegrationTests", "tests\Catalog\ECommerce.Catalog.IntegrationTests\ECommerce.Catalog.IntegrationTests.csproj", "{81B09C92-ABC0-4A89-94A3-9A8D23F7C219}"
EndProject
Project("{2150E333-8FDC-42A3-9474-1A3956D46DE8}") = "Shared", "Shared", "{E22CA4A0-785C-404B-B667-EFA8DAC6A303}"
EndProject
Project("{FAE04EC0-301F-11D3-BF4B-00C04F79EFBC}") = "ECommerce.Shared.Messaging.Tests", "tests\Shared\ECommerce.Shared.Messaging.Tests\ECommerce.Shared.Messaging.Tests.csproj", "{14360884-D15E-4ADA-962B-0E90D8F4C17D}"
EndProject
Project("{FAE04EC0-301F-11D3-BF4B-00C04F79EFBC}") = "ECommerce.Shared.Kernel.Tests", "tests\Shared\ECommerce.Shared.Kernel.Tests\ECommerce.Shared.Kernel.Tests.csproj", "{808448F4-07D4-4E10-A52F-C5DA8AA00739}"
EndProject
Project("{2150E333-8FDC-42A3-9474-1A3956D46DE8}") = "Modules", "Modules", "{B9F30481-955F-4E61-8817-8D6C7F045FB7}"
EndProject
Project("{2150E333-8FDC-42A3-9474-1A3956D46DE8}") = "Promotion", "Promotion", "{A12DF5FF-8B47-44FC-85A7-97A6C78B4FA4}"
EndProject
Project("{FAE04EC0-301F-11D3-BF4B-00C04F79EFBC}") = "ECommerce.Promotion.Contracts", "src\Modules\Promotion\ECommerce.Promotion.Contracts\ECommerce.Promotion.Contracts.csproj", "{F081E386-347C-47A7-B663-0E4D34C5BB4F}"
EndProject
Project("{2150E333-8FDC-42A3-9474-1A3956D46DE8}") = "Catalog", "Catalog", "{33049A1C-D643-44E9-B32D-8DE5CD73CE9D}"
EndProject
Project("{FAE04EC0-301F-11D3-BF4B-00C04F79EFBC}") = "ECommerce.Catalog.Infrastructure", "src\Modules\Catalog\ECommerce.Catalog.Infrastructure\ECommerce.Catalog.Infrastructure.csproj", "{50E934BD-324B-4DC1-8E20-6A3E13CE8FFC}"
EndProject
Project("{FAE04EC0-301F-11D3-BF4B-00C04F79EFBC}") = "ECommerce.Catalog.Domain", "src\Modules\Catalog\ECommerce.Catalog.Domain\ECommerce.Catalog.Domain.csproj", "{094A6C0D-D38D-4B50-B3B1-FFA46FE6284B}"
EndProject
Project("{FAE04EC0-301F-11D3-BF4B-00C04F79EFBC}") = "ECommerce.Catalog.Application", "src\Modules\Catalog\ECommerce.Catalog.Application\ECommerce.Catalog.Application.csproj", "{B8695B07-9E83-4E96-82BC-6CE6B0B18FD0}"
EndProject
Project("{FAE04EC0-301F-11D3-BF4B-00C04F79EFBC}") = "ECommerce.Catalog.Contracts", "src\Modules\Catalog\ECommerce.Catalog.Contracts\ECommerce.Catalog.Contracts.csproj", "{22D268BC-0F12-4C1C-BFAA-4681D3B03035}"
EndProject
Global
	GlobalSection(SolutionConfigurationPlatforms) = preSolution
		Debug|Any CPU = Debug|Any CPU
		Release|Any CPU = Release|Any CPU
	EndGlobalSection
	GlobalSection(SolutionProperties) = preSolution
		HideSolutionNode = FALSE
	EndGlobalSection
	GlobalSection(ProjectConfigurationPlatforms) = postSolution
		{400C63C8-B35E-4B40-AC75-E3267D8F836D}.Debug|Any CPU.ActiveCfg = Debug|Any CPU
		{400C63C8-B35E-4B40-AC75-E3267D8F836D}.Debug|Any CPU.Build.0 = Debug|Any CPU
		{400C63C8-B35E-4B40-AC75-E3267D8F836D}.Release|Any CPU.ActiveCfg = Release|Any CPU
		{400C63C8-B35E-4B40-AC75-E3267D8F836D}.Release|Any CPU.Build.0 = Release|Any CPU
		{F9F35037-E4E8-4255-86F0-79B7268B5B08}.Debug|Any CPU.ActiveCfg = Debug|Any CPU
		{F9F35037-E4E8-4255-86F0-79B7268B5B08}.Debug|Any CPU.Build.0 = Debug|Any CPU
		{F9F35037-E4E8-4255-86F0-79B7268B5B08}.Release|Any CPU.ActiveCfg = Release|Any CPU
		{F9F35037-E4E8-4255-86F0-79B7268B5B08}.Release|Any CPU.Build.0 = Release|Any CPU
		{7AEAF0D1-3FC4-46C2-9C84-633DC0DC62D5}.Debug|Any CPU.ActiveCfg = Debug|Any CPU
		{7AEAF0D1-3FC4-46C2-9C84-633DC0DC62D5}.Debug|Any CPU.Build.0 = Debug|Any CPU
		{7AEAF0D1-3FC4-46C2-9C84-633DC0DC62D5}.Release|Any CPU.ActiveCfg = Release|Any CPU
		{7AEAF0D1-3FC4-46C2-9C84-633DC0DC62D5}.Release|Any CPU.Build.0 = Release|Any CPU
		{B228E5C3-1C2D-4DF9-8CA7-099BF2CA434B}.Debug|Any CPU.ActiveCfg = Debug|Any CPU
		{B228E5C3-1C2D-4DF9-8CA7-099BF2CA434B}.Debug|Any CPU.Build.0 = Debug|Any CPU
		{B228E5C3-1C2D-4DF9-8CA7-099BF2CA434B}.Release|Any CPU.ActiveCfg = Release|Any CPU
		{B228E5C3-1C2D-4DF9-8CA7-099BF2CA434B}.Release|Any CPU.Build.0 = Release|Any CPU
		{6323028D-A711-4317-A28B-6DD9925679A8}.Debug|Any CPU.ActiveCfg = Debug|Any CPU
		{6323028D-A711-4317-A28B-6DD9925679A8}.Debug|Any CPU.Build.0 = Debug|Any CPU
		{6323028D-A711-4317-A28B-6DD9925679A8}.Release|Any CPU.ActiveCfg = Release|Any CPU
		{6323028D-A711-4317-A28B-6DD9925679A8}.Release|Any CPU.Build.0 = Release|Any CPU
		{1EB4F923-CC06-49DC-A33A-98D18CFD84A3}.Debug|Any CPU.ActiveCfg = Debug|Any CPU
		{1EB4F923-CC06-49DC-A33A-98D18CFD84A3}.Debug|Any CPU.Build.0 = Debug|Any CPU
		{1EB4F923-CC06-49DC-A33A-98D18CFD84A3}.Release|Any CPU.ActiveCfg = Release|Any CPU
		{1EB4F923-CC06-49DC-A33A-98D18CFD84A3}.Release|Any CPU.Build.0 = Release|Any CPU
		{76218E21-6865-4382-904D-82E76D2801EA}.Debug|Any CPU.ActiveCfg = Debug|Any CPU
		{76218E21-6865-4382-904D-82E76D2801EA}.Debug|Any CPU.Build.0 = Debug|Any CPU
		{76218E21-6865-4382-904D-82E76D2801EA}.Release|Any CPU.ActiveCfg = Release|Any CPU
		{76218E21-6865-4382-904D-82E76D2801EA}.Release|Any CPU.Build.0 = Release|Any CPU
		{81B09C92-ABC0-4A89-94A3-9A8D23F7C219}.Debug|Any CPU.ActiveCfg = Debug|Any CPU
		{81B09C92-ABC0-4A89-94A3-9A8D23F7C219}.Debug|Any CPU.Build.0 = Debug|Any CPU
		{81B09C92-ABC0-4A89-94A3-9A8D23F7C219}.Release|Any CPU.ActiveCfg = Release|Any CPU
		{81B09C92-ABC0-4A89-94A3-9A8D23F7C219}.Release|Any CPU.Build.0 = Release|Any CPU
		{14360884-D15E-4ADA-962B-0E90D8F4C17D}.Debug|Any CPU.ActiveCfg = Debug|Any CPU
		{14360884-D15E-4ADA-962B-0E90D8F4C17D}.Debug|Any CPU.Build.0 = Debug|Any CPU
		{14360884-D15E-4ADA-962B-0E90D8F4C17D}.Release|Any CPU.ActiveCfg = Release|Any CPU
		{14360884-D15E-4ADA-962B-0E90D8F4C17D}.Release|Any CPU.Build.0 = Release|Any CPU
		{808448F4-07D4-4E10-A52F-C5DA8AA00739}.Debug|Any CPU.ActiveCfg = Debug|Any CPU
		{808448F4-07D4-4E10-A52F-C5DA8AA00739}.Debug|Any CPU.Build.0 = Debug|Any CPU
		{808448F4-07D4-4E10-A52F-C5DA8AA00739}.Release|Any CPU.ActiveCfg = Release|Any CPU
		{808448F4-07D4-4E10-A52F-C5DA8AA00739}.Release|Any CPU.Build.0 = Release|Any CPU
		{F081E386-347C-47A7-B663-0E4D34C5BB4F}.Debug|Any CPU.ActiveCfg = Debug|Any CPU
		{F081E386-347C-47A7-B663-0E4D34C5BB4F}.Debug|Any CPU.Build.0 = Debug|Any CPU
		{F081E386-347C-47A7-B663-0E4D34C5BB4F}.Release|Any CPU.ActiveCfg = Release|Any CPU
		{F081E386-347C-47A7-B663-0E4D34C5BB4F}.Release|Any CPU.Build.0 = Release|Any CPU
		{50E934BD-324B-4DC1-8E20-6A3E13CE8FFC}.Debug|Any CPU.ActiveCfg = Debug|Any CPU
		{50E934BD-324B-4DC1-8E20-6A3E13CE8FFC}.Debug|Any CPU.Build.0 = Debug|Any CPU
		{50E934BD-324B-4DC1-8E20-6A3E13CE8FFC}.Release|Any CPU.ActiveCfg = Release|Any CPU
		{50E934BD-324B-4DC1-8E20-6A3E13CE8FFC}.Release|Any CPU.Build.0 = Release|Any CPU
		{094A6C0D-D38D-4B50-B3B1-FFA46FE6284B}.Debug|Any CPU.ActiveCfg = Debug|Any CPU
		{094A6C0D-D38D-4B50-B3B1-FFA46FE6284B}.Debug|Any CPU.Build.0 = Debug|Any CPU
		{094A6C0D-D38D-4B50-B3B1-FFA46FE6284B}.Release|Any CPU.ActiveCfg = Release|Any CPU
		{094A6C0D-D38D-4B50-B3B1-FFA46FE6284B}.Release|Any CPU.Build.0 = Release|Any CPU
		{B8695B07-9E83-4E96-82BC-6CE6B0B18FD0}.Debug|Any CPU.ActiveCfg = Debug|Any CPU
		{B8695B07-9E83-4E96-82BC-6CE6B0B18FD0}.Debug|Any CPU.Build.0 = Debug|Any CPU
		{B8695B07-9E83-4E96-82BC-6CE6B0B18FD0}.Release|Any CPU.ActiveCfg = Release|Any CPU
		{B8695B07-9E83-4E96-82BC-6CE6B0B18FD0}.Release|Any CPU.Build.0 = Release|Any CPU
		{22D268BC-0F12-4C1C-BFAA-4681D3B03035}.Debug|Any CPU.ActiveCfg = Debug|Any CPU
		{22D268BC-0F12-4C1C-BFAA-4681D3B03035}.Debug|Any CPU.Build.0 = Debug|Any CPU
		{22D268BC-0F12-4C1C-BFAA-4681D3B03035}.Release|Any CPU.ActiveCfg = Release|Any CPU
		{22D268BC-0F12-4C1C-BFAA-4681D3B03035}.Release|Any CPU.Build.0 = Release|Any CPU
	EndGlobalSection
	GlobalSection(NestedProjects) = preSolution
		{400C63C8-B35E-4B40-AC75-E3267D8F836D} = {2F3EE71A-B5A6-4E56-8442-8AA547E8A466}
		{F9F35037-E4E8-4255-86F0-79B7268B5B08} = {2F3EE71A-B5A6-4E56-8442-8AA547E8A466}
		{9F9F0938-6D25-4416-B2E5-8B7D5084C1AC} = {7767634A-DF7E-4163-AC5C-57CBFFA90ECA}
		{7AEAF0D1-3FC4-46C2-9C84-633DC0DC62D5} = {9F9F0938-6D25-4416-B2E5-8B7D5084C1AC}
		{5FD29AFC-9666-4332-97D4-73F5153615D7} = {7767634A-DF7E-4163-AC5C-57CBFFA90ECA}
		{B228E5C3-1C2D-4DF9-8CA7-099BF2CA434B} = {5FD29AFC-9666-4332-97D4-73F5153615D7}
		{6323028D-A711-4317-A28B-6DD9925679A8} = {5FD29AFC-9666-4332-97D4-73F5153615D7}
		{08747C2D-03EC-4FE0-93D8-BF6BF1C13E87} = {2F3EE71A-B5A6-4E56-8442-8AA547E8A466}
		{1EB4F923-CC06-49DC-A33A-98D18CFD84A3} = {08747C2D-03EC-4FE0-93D8-BF6BF1C13E87}
		{76218E21-6865-4382-904D-82E76D2801EA} = {08747C2D-03EC-4FE0-93D8-BF6BF1C13E87}
		{81B09C92-ABC0-4A89-94A3-9A8D23F7C219} = {08747C2D-03EC-4FE0-93D8-BF6BF1C13E87}
		{E22CA4A0-785C-404B-B667-EFA8DAC6A303} = {2F3EE71A-B5A6-4E56-8442-8AA547E8A466}
		{14360884-D15E-4ADA-962B-0E90D8F4C17D} = {E22CA4A0-785C-404B-B667-EFA8DAC6A303}
		{808448F4-07D4-4E10-A52F-C5DA8AA00739} = {E22CA4A0-785C-404B-B667-EFA8DAC6A303}
		{B9F30481-955F-4E61-8817-8D6C7F045FB7} = {7767634A-DF7E-4163-AC5C-57CBFFA90ECA}
		{A12DF5FF-8B47-44FC-85A7-97A6C78B4FA4} = {B9F30481-955F-4E61-8817-8D6C7F045FB7}
		{F081E386-347C-47A7-B663-0E4D34C5BB4F} = {A12DF5FF-8B47-44FC-85A7-97A6C78B4FA4}
		{33049A1C-D643-44E9-B32D-8DE5CD73CE9D} = {B9F30481-955F-4E61-8817-8D6C7F045FB7}
		{50E934BD-324B-4DC1-8E20-6A3E13CE8FFC} = {33049A1C-D643-44E9-B32D-8DE5CD73CE9D}
		{094A6C0D-D38D-4B50-B3B1-FFA46FE6284B} = {33049A1C-D643-44E9-B32D-8DE5CD73CE9D}
		{B8695B07-9E83-4E96-82BC-6CE6B0B18FD0} = {33049A1C-D643-44E9-B32D-8DE5CD73CE9D}
		{22D268BC-0F12-4C1C-BFAA-4681D3B03035} = {33049A1C-D643-44E9-B32D-8DE5CD73CE9D}
	EndGlobalSection
EndGlobal
